
Microsoft Visual Studio Solution File, Format Version 12.00
Project("{FAE04EC0-301F-11D3-BF4B-00C04F79EFBC}") = "bici_escape_stock", "bici_escape_stock\bici_escape_stock.csproj", "{B53E5638-DDDD-4D9C-8E02-15820BB48E8F}"
EndProject
Global
	GlobalSection(SolutionConfigurationPlatforms) = preSolution
		Debug|Any CPU = Debug|Any CPU
		Release|Any CPU = Release|Any CPU
	EndGlobalSection
	GlobalSection(ProjectConfigurationPlatforms) = postSolution
		{B53E5638-DDDD-4D9C-8E02-15820BB48E8F}.Debug|Any CPU.ActiveCfg = Debug|Any CPU
		{B53E5638-DDDD-4D9C-8E02-15820BB48E8F}.Debug|Any CPU.Build.0 = Debug|Any CPU
		{B53E5638-DDDD-4D9C-8E02-15820BB48E8F}.Release|Any CPU.ActiveCfg = Release|Any CPU
		{B53E5638-DDDD-4D9C-8E02-15820BB48E8F}.Release|Any CPU.Build.0 = Release|Any CPU
	EndGlobalSection
EndGlobal
